
Microsoft Visual Studio Solution File, Format Version 12.00
# Visual Studio Version 17
VisualStudioVersion = 17.5.33530.505
MinimumVisualStudioVersion = 10.0.40219.1
Project("{FAE04EC0-301F-11D3-BF4B-00C04F79EFBC}") = "18. Constructors", "18. Constructors.csproj", "{5DFC811C-FD97-4791-9ADD-F2C862960991}"
EndProject
Global
	GlobalSection(SolutionConfigurationPlatforms) = preSolution
		Debug|Any CPU = Debug|Any CPU
		Release|Any CPU = Release|Any CPU
	EndGlobalSection
	GlobalSection(ProjectConfigurationPlatforms) = postSolution
		{5DFC811C-FD97-4791-9ADD-F2C862960991}.Debug|Any CPU.ActiveCfg = Debug|Any CPU
		{5DFC811C-FD97-4791-9ADD-F2C862960991}.Debug|Any CPU.Build.0 = Debug|Any CPU
		{5DFC811C-FD97-4791-9ADD-F2C862960991}.Release|Any CPU.ActiveCfg = Release|Any CPU
		{5DFC811C-FD97-4791-9ADD-F2C862960991}.Release|Any CPU.Build.0 = Release|Any CPU
	EndGlobalSection
	GlobalSection(SolutionProperties) = preSolution
		HideSolutionNode = FALSE
	EndGlobalSection
	GlobalSection(ExtensibilityGlobals) = postSolution
		SolutionGuid = {6888B741-04C5-4502-9125-F8D58C6F1466}
	EndGlobalSection
EndGlobal
